
Microsoft Visual Studio Solution File, Format Version 12.00
# Visual Studio Version 17
VisualStudioVersion = 17.2.32616.157
MinimumVisualStudioVersion = 10.0.40219.1
Project("{9A19103F-16F7-4668-BE54-9A1E7A4F7556}") = "CWT.Service", "CWT.Service\CWT.Service.csproj", "{9827035B-8BA5-443E-B4CA-DE10CC3FB49B}"
EndProject
Project("{9A19103F-16F7-4668-BE54-9A1E7A4F7556}") = "Bets.API", "Bets.API\Bets.API.csproj", "{1BC6C533-EE65-4805-B177-C700ED351FE4}"
EndProject
Project("{9A19103F-16F7-4668-BE54-9A1E7A4F7556}") = "Bets.Domain", "Bets.Domain\Bets.Domain.csproj", "{77188F01-C257-4307-AC94-1EC0205E7A0E}"
EndProject
Project("{9A19103F-16F7-4668-BE54-9A1E7A4F7556}") = "Bets.Infrastructure", "Bets.Infrastructure\Bets.Infrastructure.csproj", "{3954404C-CFF3-4057-A051-6975EB10F768}"
EndProject
Project("{9A19103F-16F7-4668-BE54-9A1E7A4F7556}") = "CWT.Domain", "CWT.Domain\CWT.Domain.csproj", "{6A2B646B-78AB-4E2D-BE82-AC4D63D3F5AF}"
EndProject
Project("{9A19103F-16F7-4668-BE54-9A1E7A4F7556}") = "Shared.Common", "Shared.Common\Shared.Common.csproj", "{5123B232-51AB-4F10-B05F-880003CC112F}"
EndProject
Project("{2150E333-8FDC-42A3-9474-1A3956D46DE8}") = "Bets", "Bets", "{1B0A2864-7CC6-47CF-8604-DE48A86A2908}"
EndProject
Project("{2150E333-8FDC-42A3-9474-1A3956D46DE8}") = "CWT", "CWT", "{12834D91-5811-4956-8FF6-DCA37AAF8538}"
EndProject
Project("{2150E333-8FDC-42A3-9474-1A3956D46DE8}") = "Common", "Common", "{82EFB825-95B3-4D9C-85AE-10CA40F135BB}"
EndProject
Project("{9A19103F-16F7-4668-BE54-9A1E7A4F7556}") = "CWT.Infrastructure", "CWT.Infrastructure\CWT.Infrastructure.csproj", "{E0742C36-E590-4B87-B366-1F53AA872B6C}"
EndProject
Project("{FAE04EC0-301F-11D3-BF4B-00C04F79EFBC}") = "Shared.Infrastructure", "Shared.Infrastructure\Shared.Infrastructure.csproj", "{D11E91BF-E392-4B4C-BA33-4A12DCA9E6E6}"
EndProject
Global
	GlobalSection(SolutionConfigurationPlatforms) = preSolution
		Debug|Any CPU = Debug|Any CPU
		Release|Any CPU = Release|Any CPU
	EndGlobalSection
	GlobalSection(ProjectConfigurationPlatforms) = postSolution
		{9827035B-8BA5-443E-B4CA-DE10CC3FB49B}.Debug|Any CPU.ActiveCfg = Debug|Any CPU
		{9827035B-8BA5-443E-B4CA-DE10CC3FB49B}.Debug|Any CPU.Build.0 = Debug|Any CPU
		{9827035B-8BA5-443E-B4CA-DE10CC3FB49B}.Release|Any CPU.ActiveCfg = Release|Any CPU
		{9827035B-8BA5-443E-B4CA-DE10CC3FB49B}.Release|Any CPU.Build.0 = Release|Any CPU
		{1BC6C533-EE65-4805-B177-C700ED351FE4}.Debug|Any CPU.ActiveCfg = Debug|Any CPU
		{1BC6C533-EE65-4805-B177-C700ED351FE4}.Debug|Any CPU.Build.0 = Debug|Any CPU
		{1BC6C533-EE65-4805-B177-C700ED351FE4}.Release|Any CPU.ActiveCfg = Release|Any CPU
		{1BC6C533-EE65-4805-B177-C700ED351FE4}.Release|Any CPU.Build.0 = Release|Any CPU
		{77188F01-C257-4307-AC94-1EC0205E7A0E}.Debug|Any CPU.ActiveCfg = Debug|Any CPU
		{77188F01-C257-4307-AC94-1EC0205E7A0E}.Debug|Any CPU.Build.0 = Debug|Any CPU
		{77188F01-C257-4307-AC94-1EC0205E7A0E}.Release|Any CPU.ActiveCfg = Release|Any CPU
		{77188F01-C257-4307-AC94-1EC0205E7A0E}.Release|Any CPU.Build.0 = Release|Any CPU
		{3954404C-CFF3-4057-A051-6975EB10F768}.Debug|Any CPU.ActiveCfg = Debug|Any CPU
		{3954404C-CFF3-4057-A051-6975EB10F768}.Debug|Any CPU.Build.0 = Debug|Any CPU
		{3954404C-CFF3-4057-A051-6975EB10F768}.Release|Any CPU.ActiveCfg = Release|Any CPU
		{3954404C-CFF3-4057-A051-6975EB10F768}.Release|Any CPU.Build.0 = Release|Any CPU
		{6A2B646B-78AB-4E2D-BE82-AC4D63D3F5AF}.Debug|Any CPU.ActiveCfg = Debug|Any CPU
		{6A2B646B-78AB-4E2D-BE82-AC4D63D3F5AF}.Debug|Any CPU.Build.0 = Debug|Any CPU
		{6A2B646B-78AB-4E2D-BE82-AC4D63D3F5AF}.Release|Any CPU.ActiveCfg = Release|Any CPU
		{6A2B646B-78AB-4E2D-BE82-AC4D63D3F5AF}.Release|Any CPU.Build.0 = Release|Any CPU
		{5123B232-51AB-4F10-B05F-880003CC112F}.Debug|Any CPU.ActiveCfg = Debug|Any CPU
		{5123B232-51AB-4F10-B05F-880003CC112F}.Debug|Any CPU.Build.0 = Debug|Any CPU
		{5123B232-51AB-4F10-B05F-880003CC112F}.Release|Any CPU.ActiveCfg = Release|Any CPU
		{5123B232-51AB-4F10-B05F-880003CC112F}.Release|Any CPU.Build.0 = Release|Any CPU
		{E0742C36-E590-4B87-B366-1F53AA872B6C}.Debug|Any CPU.ActiveCfg = Debug|Any CPU
		{E0742C36-E590-4B87-B366-1F53AA872B6C}.Debug|Any CPU.Build.0 = Debug|Any CPU
		{E0742C36-E590-4B87-B366-1F53AA872B6C}.Release|Any CPU.ActiveCfg = Release|Any CPU
		{E0742C36-E590-4B87-B366-1F53AA872B6C}.Release|Any CPU.Build.0 = Release|Any CPU
		{D11E91BF-E392-4B4C-BA33-4A12DCA9E6E6}.Debug|Any CPU.ActiveCfg = Debug|Any CPU
		{D11E91BF-E392-4B4C-BA33-4A12DCA9E6E6}.Debug|Any CPU.Build.0 = Debug|Any CPU
		{D11E91BF-E392-4B4C-BA33-4A12DCA9E6E6}.Release|Any CPU.ActiveCfg = Release|Any CPU
		{D11E91BF-E392-4B4C-BA33-4A12DCA9E6E6}.Release|Any CPU.Build.0 = Release|Any CPU
	EndGlobalSection
	GlobalSection(SolutionProperties) = preSolution
		HideSolutionNode = FALSE
	EndGlobalSection
	GlobalSection(NestedProjects) = preSolution
		{9827035B-8BA5-443E-B4CA-DE10CC3FB49B} = {12834D91-5811-4956-8FF6-DCA37AAF8538}
		{1BC6C533-EE65-4805-B177-C700ED351FE4} = {1B0A2864-7CC6-47CF-8604-DE48A86A2908}
		{77188F01-C257-4307-AC94-1EC0205E7A0E} = {1B0A2864-7CC6-47CF-8604-DE48A86A2908}
		{3954404C-CFF3-4057-A051-6975EB10F768} = {1B0A2864-7CC6-47CF-8604-DE48A86A2908}
		{6A2B646B-78AB-4E2D-BE82-AC4D63D3F5AF} = {12834D91-5811-4956-8FF6-DCA37AAF8538}
		{5123B232-51AB-4F10-B05F-880003CC112F} = {82EFB825-95B3-4D9C-85AE-10CA40F135BB}
		{E0742C36-E590-4B87-B366-1F53AA872B6C} = {12834D91-5811-4956-8FF6-DCA37AAF8538}
		{D11E91BF-E392-4B4C-BA33-4A12DCA9E6E6} = {82EFB825-95B3-4D9C-85AE-10CA40F135BB}
	EndGlobalSection
	GlobalSection(ExtensibilityGlobals) = postSolution
		SolutionGuid = {190E307C-487A-439B-846C-E28FD336377D}
	EndGlobalSection
EndGlobal
